version: 7
platforms:
- name: osx-arm64
environments:
  default:
    channels:
    - url: https://conda.anaconda.org/conda-forge/
    packages:
      osx-arm64:
      - conda: https://conda.anaconda.org/conda-forge/noarch/ca-certificates-2026.4.22-hbd8a1cb_0.conda
      - conda: https://conda.anaconda.org/conda-forge/noarch/colorama-0.4.6-pyhd8ed1ab_1.conda
      - conda: https://conda.anaconda.org/conda-forge/noarch/exceptiongroup-1.3.1-pyhd8ed1ab_0.conda
      - conda: https://conda.anaconda.org/conda-forge/noarch/iniconfig-2.3.0-pyhd8ed1ab_0.conda
      - conda: https://conda.anaconda.org/conda-forge/noarch/nodeenv-1.10.0-pyhd8ed1ab_0.conda
      - conda: https://conda.anaconda.org/conda-forge/noarch/packaging-26.2-pyhc364b38_0.conda
      - conda: https://conda.anaconda.org/conda-forge/noarch/pluggy-1.6.0-pyhf9edf01_1.conda
      - conda: https://conda.anaconda.org/conda-forge/noarch/pygments-2.20.0-pyhd8ed1ab_0.conda
      - conda: https://conda.anaconda.org/conda-forge/noarch/pytest-9.0.3-pyhc364b38_1.conda
      - conda: https://conda.anaconda.org/conda-forge/noarch/python_abi-3.14-8_cp314.conda
      - conda: https://conda.anaconda.org/conda-forge/noarch/setuptools-82.0.1-pyh332efcf_0.conda
      - conda: https://conda.anaconda.org/conda-forge/noarch/tomli-2.4.1-pyhcf101f3_0.conda
      - conda: https://conda.anaconda.org/conda-forge/noarch/typing_extensions-4.15.0-pyhcf101f3_0.conda
      - conda: https://conda.anaconda.org/conda-forge/noarch/tzdata-2025c-hc9c84f9_1.conda
      - conda: https://conda.anaconda.org/conda-forge/osx-arm64/bzip2-1.0.8-hd037594_9.conda
      - conda: https://conda.anaconda.org/conda-forge/osx-arm64/c-ares-1.34.6-hc919400_0.conda
      - conda: https://conda.anaconda.org/conda-forge/osx-arm64/icu-78.3-hef89b57_0.conda
      - conda: https://conda.anaconda.org/conda-forge/osx-arm64/libabseil-20260107.1-cxx17_h2062a1b_0.conda
      - conda: https://conda.anaconda.org/conda-forge/osx-arm64/libbrotlicommon-1.2.0-hc919400_1.conda
      - conda: https://conda.anaconda.org/conda-forge/osx-arm64/libbrotlidec-1.2.0-hc919400_1.conda
      - conda: https://conda.anaconda.org/conda-forge/osx-arm64/libbrotlienc-1.2.0-hc919400_1.conda
      - conda: https://conda.anaconda.org/conda-forge/osx-arm64/libcxx-22.1.5-h55c6f16_1.conda
      - conda: https://conda.anaconda.org/conda-forge/osx-arm64/libev-4.33-h93a5062_2.conda
      - conda: https://conda.anaconda.org/conda-forge/osx-arm64/libexpat-2.8.0-hf6b4638_0.conda
      - conda: https://conda.anaconda.org/conda-forge/osx-arm64/libffi-3.5.2-hcf2aa1b_0.conda
      - conda: https://conda.anaconda.org/conda-forge/osx-arm64/liblzma-5.8.3-h8088a28_0.conda
      - conda: https://conda.anaconda.org/conda-forge/osx-arm64/libmpdec-4.0.0-h84a0fba_1.conda
      - conda: https://conda.anaconda.org/conda-forge/osx-arm64/libnghttp2-1.68.1-h8f3e76b_0.conda
      - conda: https://conda.anaconda.org/conda-forge/osx-arm64/libsqlite-3.53.1-h1b79a29_0.conda
      - conda: https://conda.anaconda.org/conda-forge/osx-arm64/libuv-1.51.0-h6caf38d_1.conda
      - conda: https://conda.anaconda.org/conda-forge/osx-arm64/libzlib-1.3.2-h8088a28_2.conda
      - conda: https://conda.anaconda.org/conda-forge/osx-arm64/ncurses-6.6-h1d4f5a5_0.conda
      - conda: https://conda.anaconda.org/conda-forge/osx-arm64/nodejs-25.8.2-h7039424_0.conda
      - conda: https://conda.anaconda.org/conda-forge/osx-arm64/openssl-3.6.2-hd24854e_0.conda
      - conda: https://conda.anaconda.org/conda-forge/osx-arm64/pyright-1.1.409-py314ha14b1ff_0.conda
      - conda: https://conda.anaconda.org/conda-forge/osx-arm64/python-3.14.4-h4c637c5_100_cp314.conda
      - conda: https://conda.anaconda.org/conda-forge/osx-arm64/readline-8.3-h46df422_0.conda
      - conda: https://conda.anaconda.org/conda-forge/osx-arm64/tk-8.6.13-h010d191_3.conda
      - conda: https://conda.anaconda.org/conda-forge/osx-arm64/zstd-1.5.7-hbf9d68e_6.conda
packages:
- conda: https://conda.anaconda.org/conda-forge/noarch/ca-certificates-2026.4.22-hbd8a1cb_0.conda
  sha256: c9dbcc8039a52023660d6d1bbf87594a93dd69c6ac5a2a44323af2c92976728d
  md5: e18ad67cf881dcadee8b8d9e2f8e5f73
  depends:
  - __unix
  license: ISC
  size: 131039
  timestamp: 1776865545798
- conda: https://conda.anaconda.org/conda-forge/noarch/colorama-0.4.6-pyhd8ed1ab_1.conda
  sha256: ab29d57dc70786c1269633ba3dff20288b81664d3ff8d21af995742e2bb03287
  md5: 962b9857ee8e7018c22f2776ffa0b2d7
  depends:
  - python >=3.9
  license: BSD-3-Clause
  license_family: BSD
  size: 27011
  timestamp: 1733218222191
- conda: https://conda.anaconda.org/conda-forge/noarch/exceptiongroup-1.3.1-pyhd8ed1ab_0.conda
  sha256: ee6cf346d017d954255bbcbdb424cddea4d14e4ed7e9813e429db1d795d01144
  md5: 8e662bd460bda79b1ea39194e3c4c9ab
  depends:
  - python >=3.10
  - typing_extensions >=4.6.0
  license: MIT and PSF-2.0
  size: 21333
  timestamp: 1763918099466
- conda: https://conda.anaconda.org/conda-forge/noarch/iniconfig-2.3.0-pyhd8ed1ab_0.conda
  sha256: e1a9e3b1c8fe62dc3932a616c284b5d8cbe3124bbfbedcf4ce5c828cb166ee19
  md5: 9614359868482abba1bd15ce465e3c42
  depends:
  - python >=3.10
  license: MIT
  license_family: MIT
  size: 13387
  timestamp: 1760831448842
- conda: https://conda.anaconda.org/conda-forge/noarch/nodeenv-1.10.0-pyhd8ed1ab_0.conda
  sha256: 4fa40e3e13fc6ea0a93f67dfc76c96190afd7ea4ffc1bac2612d954b42cdc3ee
  md5: eb52d14a901e23c39e9e7b4a1a5c015f
  depends:
  - python >=3.10
  - setuptools
  license: BSD-3-Clause
  license_family: BSD
  size: 40866
  timestamp: 1766261270149
- conda: https://conda.anaconda.org/conda-forge/noarch/packaging-26.2-pyhc364b38_0.conda
  sha256: 3906abfb6511a3bb309e39b9b1b7bc38f50a723971de2395489fd1f379255890
  md5: 4c06a92e74452cfa53623a81592e8934
  depends:
  - python >=3.8
  - python
  license: Apache-2.0
  license_family: APACHE
  size: 91574
  timestamp: 1777103621679
- conda: https://conda.anaconda.org/conda-forge/noarch/pluggy-1.6.0-pyhf9edf01_1.conda
  sha256: e14aafa63efa0528ca99ba568eaf506eb55a0371d12e6250aaaa61718d2eb62e
  md5: d7585b6550ad04c8c5e21097ada2888e
  depends:
  - python >=3.9
  - python
  license: MIT
  license_family: MIT
  size: 25877
  timestamp: 1764896838868
- conda: https://conda.anaconda.org/conda-forge/noarch/pygments-2.20.0-pyhd8ed1ab_0.conda
  sha256: cf70b2f5ad9ae472b71235e5c8a736c9316df3705746de419b59d442e8348e86
  md5: 16c18772b340887160c79a6acc022db0
  depends:
  - python >=3.10
  license: BSD-2-Clause
  license_family: BSD
  size: 893031
  timestamp: 1774796815820
- conda: https://conda.anaconda.org/conda-forge/noarch/pytest-9.0.3-pyhc364b38_1.conda
  sha256: 960f59442173eee0731906a9077bd5ccf60f4b4226f05a22d1728ab9a21a879c
  md5: 6a991452eadf2771952f39d43615bb3e
  depends:
  - colorama >=0.4
  - pygments >=2.7.2
  - python >=3.10
  - iniconfig >=1.0.1
  - packaging >=22
  - pluggy >=1.5,<2
  - tomli >=1
  - exceptiongroup >=1
  - python
  constrains:
  - pytest-faulthandler >=2
  license: MIT
  license_family: MIT
  size: 299984
  timestamp: 1775644472530
- conda: https://conda.anaconda.org/conda-forge/noarch/python_abi-3.14-8_cp314.conda
  build_number: 8
  sha256: ad6d2e9ac39751cc0529dd1566a26751a0bf2542adb0c232533d32e176e21db5
  md5: 0539938c55b6b1a59b560e843ad864a4
  constrains:
  - python 3.14.* *_cp314
  license: BSD-3-Clause
  license_family: BSD
  size: 6989
  timestamp: 1752805904792
- conda: https://conda.anaconda.org/conda-forge/noarch/setuptools-82.0.1-pyh332efcf_0.conda
  sha256: 82088a6e4daa33329a30bc26dc19a98c7c1d3f05c0f73ce9845d4eab4924e9e1
  md5: 8e194e7b992f99a5015edbd4ebd38efd
  depends:
  - python >=3.10
  license: MIT
  license_family: MIT
  size: 639697
  timestamp: 1773074868565
- conda: https://conda.anaconda.org/conda-forge/noarch/tomli-2.4.1-pyhcf101f3_0.conda
  sha256: 91cafdb64268e43e0e10d30bd1bef5af392e69f00edd34dfaf909f69ab2da6bd
  md5: b5325cf06a000c5b14970462ff5e4d58
  depends:
  - python >=3.10
  - python
  license: MIT
  license_family: MIT
  size: 21561
  timestamp: 1774492402955
- conda: https://conda.anaconda.org/conda-forge/noarch/typing_extensions-4.15.0-pyhcf101f3_0.conda
  sha256: 032271135bca55aeb156cee361c81350c6f3fb203f57d024d7e5a1fc9ef18731
  md5: 0caa1af407ecff61170c9437a808404d
  depends:
  - python >=3.10
  - python
  license: PSF-2.0
  license_family: PSF
  size: 51692
  timestamp: 1756220668932
- conda: https://conda.anaconda.org/conda-forge/noarch/tzdata-2025c-hc9c84f9_1.conda
  sha256: 1d30098909076af33a35017eed6f2953af1c769e273a0626a04722ac4acaba3c
  md5: ad659d0a2b3e47e38d829aa8cad2d610
  license: LicenseRef-Public-Domain
  size: 119135
  timestamp: 1767016325805
- conda: https://conda.anaconda.org/conda-forge/osx-arm64/bzip2-1.0.8-hd037594_9.conda
  sha256: 540fe54be35fac0c17feefbdc3e29725cce05d7367ffedfaaa1bdda234b019df
  md5: 620b85a3f45526a8bc4d23fd78fc22f0
  depends:
  - __osx >=11.0
  license: bzip2-1.0.6
  license_family: BSD
  size: 124834
  timestamp: 1771350416561
- conda: https://conda.anaconda.org/conda-forge/osx-arm64/c-ares-1.34.6-hc919400_0.conda
  sha256: 2995f2aed4e53725e5efbc28199b46bf311c3cab2648fc4f10c2227d6d5fa196
  md5: bcb3cba70cf1eec964a03b4ba7775f01
  depends:
  - __osx >=11.0
  license: MIT
  license_family: MIT
  size: 180327
  timestamp: 1765215064054
- conda: https://conda.anaconda.org/conda-forge/osx-arm64/icu-78.3-hef89b57_0.conda
  sha256: 3a7907a17e9937d3a46dfd41cffaf815abad59a569440d1e25177c15fd0684e5
  md5: f1182c91c0de31a7abd40cedf6a5ebef
  depends:
  - __osx >=11.0
  license: MIT
  license_family: MIT
  size: 12361647
  timestamp: 1773822915649
- conda: https://conda.anaconda.org/conda-forge/osx-arm64/libabseil-20260107.1-cxx17_h2062a1b_0.conda
  sha256: 756611fbb8d2957a5b4635d9772bd8432cb6ddac05580a6284cca6fdc9b07fca
  md5: bb65152e0d7c7178c0f1ee25692c9fd1
  depends:
  - __osx >=11.0
  - libcxx >=19
  constrains:
  - abseil-cpp =20260107.1
  - libabseil-static =20260107.1=cxx17*
  license: Apache-2.0
  license_family: Apache
  size: 1229639
  timestamp: 1770863511331
- conda: https://conda.anaconda.org/conda-forge/osx-arm64/libbrotlicommon-1.2.0-hc919400_1.conda
  sha256: a7cb9e660531cf6fbd4148cff608c85738d0b76f0975c5fc3e7d5e92840b7229
  md5: 006e7ddd8a110771134fcc4e1e3a6ffa
  depends:
  - __osx >=11.0
  license: MIT
  license_family: MIT
  size: 79443
  timestamp: 1764017945924
- conda: https://conda.anaconda.org/conda-forge/osx-arm64/libbrotlidec-1.2.0-hc919400_1.conda
  sha256: 2eae444039826db0454b19b52a3390f63bfe24f6b3e63089778dd5a5bf48b6bf
  md5: 079e88933963f3f149054eec2c487bc2
  depends:
  - __osx >=11.0
  - libbrotlicommon 1.2.0 hc919400_1
  license: MIT
  license_family: MIT
  size: 29452
  timestamp: 1764017979099
- conda: https://conda.anaconda.org/conda-forge/osx-arm64/libbrotlienc-1.2.0-hc919400_1.conda
  sha256: 01436c32bb41f9cb4bcf07dda647ce4e5deb8307abfc3abdc8da5317db8189d1
  md5: b2b7c8288ca1a2d71ff97a8e6a1e8883
  depends:
  - __osx >=11.0
  - libbrotlicommon 1.2.0 hc919400_1
  license: MIT
  license_family: MIT
  size: 290754
  timestamp: 1764018009077
- conda: https://conda.anaconda.org/conda-forge/osx-arm64/libcxx-22.1.5-h55c6f16_1.conda
  sha256: dddd01bd6b338221342a89530a1caffe6051a70cc8f8b1d8bb591d5447a3c603
  md5: ff484b683fecf1e875dfc7aa01d19796
  depends:
  - __osx >=11.0
  license: Apache-2.0 WITH LLVM-exception
  license_family: Apache
  size: 569359
  timestamp: 1778191546305
- conda: https://conda.anaconda.org/conda-forge/osx-arm64/libev-4.33-h93a5062_2.conda
  sha256: 95cecb3902fbe0399c3a7e67a5bed1db813e5ab0e22f4023a5e0f722f2cc214f
  md5: 36d33e440c31857372a72137f78bacf5
  license: BSD-2-Clause
  license_family: BSD
  size: 107458
  timestamp: 1702146414478
- conda: https://conda.anaconda.org/conda-forge/osx-arm64/libexpat-2.8.0-hf6b4638_0.conda
  sha256: f4b1cafc59afaede8fa0a2d9cf376840f1c553001acd72f6ead18bbc8ac8c49c
  md5: 65466e82c09e888ca7560c11a97d5450
  depends:
  - __osx >=11.0
  constrains:
  - expat 2.8.0.*
  license: MIT
  license_family: MIT
  size: 68789
  timestamp: 1777846180142
- conda: https://conda.anaconda.org/conda-forge/osx-arm64/libffi-3.5.2-hcf2aa1b_0.conda
  sha256: 6686a26466a527585e6a75cc2a242bf4a3d97d6d6c86424a441677917f28bec7
  md5: 43c04d9cb46ef176bb2a4c77e324d599
  depends:
  - __osx >=11.0
  license: MIT
  license_family: MIT
  size: 40979
  timestamp: 1769456747661
- conda: https://conda.anaconda.org/conda-forge/osx-arm64/liblzma-5.8.3-h8088a28_0.conda
  sha256: 34878d87275c298f1a732c6806349125cebbf340d24c6c23727268184bba051e
  md5: b1fd823b5ae54fbec272cea0811bd8a9
  depends:
  - __osx >=11.0
  constrains:
  - xz 5.8.3.*
  license: 0BSD
  size: 92472
  timestamp: 1775825802659
- conda: https://conda.anaconda.org/conda-forge/osx-arm64/libmpdec-4.0.0-h84a0fba_1.conda
  sha256: 1089c7f15d5b62c622625ec6700732ece83be8b705da8c6607f4dabb0c4bd6d2
  md5: 57c4be259f5e0b99a5983799a228ae55
  depends:
  - __osx >=11.0
  license: BSD-2-Clause
  license_family: BSD
  size: 73690
  timestamp: 1769482560514
- conda: https://conda.anaconda.org/conda-forge/osx-arm64/libnghttp2-1.68.1-h8f3e76b_0.conda
  sha256: 2bc7bc3978066f2c274ebcbf711850cc9ab92e023e433b9631958a098d11e10a
  md5: 6ea18834adbc3b33df9bd9fb45eaf95b
  depends:
  - __osx >=11.0
  - c-ares >=1.34.6,<2.0a0
  - libcxx >=19
  - libev >=4.33,<4.34.0a0
  - libev >=4.33,<5.0a0
  - libzlib >=1.3.1,<2.0a0
  - openssl >=3.5.5,<4.0a0
  license: MIT
  license_family: MIT
  size: 576526
  timestamp: 1773854624224
- conda: https://conda.anaconda.org/conda-forge/osx-arm64/libsqlite-3.53.1-h1b79a29_0.conda
  sha256: 49daec7c83e70d4efc17b813547824bc2bcf2f7256d84061d24fbfe537da9f74
  md5: 6681822ea9d362953206352371b6a904
  depends:
  - __osx >=11.0
  - libzlib >=1.3.2,<2.0a0
  license: blessing
  size: 920047
  timestamp: 1777987051643
- conda: https://conda.anaconda.org/conda-forge/osx-arm64/libuv-1.51.0-h6caf38d_1.conda
  sha256: 042c7488ad97a5629ec0a991a8b2a3345599401ecc75ad6a5af73b60e6db9689
  md5: c0d87c3c8e075daf1daf6c31b53e8083
  depends:
  - __osx >=11.0
  license: MIT
  license_family: MIT
  size: 421195
  timestamp: 1753948426421
- conda: https://conda.anaconda.org/conda-forge/osx-arm64/libzlib-1.3.2-h8088a28_2.conda
  sha256: 361415a698514b19a852f5d1123c5da746d4642139904156ddfca7c922d23a05
  md5: bc5a5721b6439f2f62a84f2548136082
  depends:
  - __osx >=11.0
  constrains:
  - zlib 1.3.2 *_2
  license: Zlib
  license_family: Other
  size: 47759
  timestamp: 1774072956767
- conda: https://conda.anaconda.org/conda-forge/osx-arm64/ncurses-6.6-h1d4f5a5_0.conda
  sha256: 4ea6c620b87bd1d42bb2ccc2c87cd2483fa2d7f9e905b14c223f11ff3f4c455d
  md5: 343d10ed5b44030a2f67193905aea159
  depends:
  - __osx >=11.0
  license: X11 AND BSD-3-Clause
  size: 805509
  timestamp: 1777423252320
- conda: https://conda.anaconda.org/conda-forge/osx-arm64/nodejs-25.8.2-h7039424_0.conda
  sha256: 4782b172b3b8a557b60bf5f591821cf100e2092ba7a5494ce047dfa41626de26
  md5: ca8277c52fdface8bb8ebff7cd9a6f56
  depends:
  - libcxx >=19
  - __osx >=11.0
  - icu >=78.3,<79.0a0
  - libbrotlicommon >=1.2.0,<1.3.0a0
  - libbrotlienc >=1.2.0,<1.3.0a0
  - libbrotlidec >=1.2.0,<1.3.0a0
  - libnghttp2 >=1.68.1,<2.0a0
  - libuv >=1.51.0,<2.0a0
  - libsqlite >=3.52.0,<4.0a0
  - libzlib >=1.3.2,<2.0a0
  - openssl >=3.5.5,<4.0a0
  - zstd >=1.5.7,<1.6.0a0
  - c-ares >=1.34.6,<2.0a0
  - libabseil >=20260107.1,<20260108.0a0
  - libabseil * cxx17*
  license: MIT
  license_family: MIT
  size: 17101803
  timestamp: 1774517834028
- conda: https://conda.anaconda.org/conda-forge/osx-arm64/openssl-3.6.2-hd24854e_0.conda
  sha256: c91bf510c130a1ea1b6ff023e28bac0ccaef869446acd805e2016f69ebdc49ea
  md5: 25dcccd4f80f1638428613e0d7c9b4e1
  depends:
  - __osx >=11.0
  - ca-certificates
  license: Apache-2.0
  license_family: Apache
  size: 3106008
  timestamp: 1775587972483
- conda: https://conda.anaconda.org/conda-forge/osx-arm64/pyright-1.1.409-py314ha14b1ff_0.conda
  sha256: fb5ff9ef72c1eaa282407640964fb85f3278460ea578ee439136f850abd27aad
  md5: fc6113adf032fcac586f90cfff9c1d0b
  depends:
  - nodeenv >=1.6.0
  - nodejs
  - python
  - typing_extensions >=4.1
  - __osx >=11.0
  - python 3.14.* *_cp314
  - python_abi 3.14.* *_cp314
  license: MIT
  license_family: MIT
  size: 4134574
  timestamp: 1776947697833
- conda: https://conda.anaconda.org/conda-forge/osx-arm64/python-3.14.4-h4c637c5_100_cp314.conda
  build_number: 100
  sha256: 27e7d6cbe021f37244b643f06a98e46767255f7c2907108dd3736f042757ddad
  md5: e1bc5a3015a4bbeb304706dba5a32b7f
  depends:
  - __osx >=11.0
  - bzip2 >=1.0.8,<2.0a0
  - libexpat >=2.7.5,<3.0a0
  - libffi >=3.5.2,<3.6.0a0
  - liblzma >=5.8.2,<6.0a0
  - libmpdec >=4.0.0,<5.0a0
  - libsqlite >=3.52.0,<4.0a0
  - libzlib >=1.3.2,<2.0a0
  - ncurses >=6.5,<7.0a0
  - openssl >=3.5.6,<4.0a0
  - python_abi 3.14.* *_cp314
  - readline >=8.3,<9.0a0
  - tk >=8.6.13,<8.7.0a0
  - tzdata
  - zstd >=1.5.7,<1.6.0a0
  license: Python-2.0
  size: 13533346
  timestamp: 1775616188373
  python_site_packages_path: lib/python3.14/site-packages
- conda: https://conda.anaconda.org/conda-forge/osx-arm64/readline-8.3-h46df422_0.conda
  sha256: a77010528efb4b548ac2a4484eaf7e1c3907f2aec86123ed9c5212ae44502477
  md5: f8381319127120ce51e081dce4865cf4
  depends:
  - __osx >=11.0
  - ncurses >=6.5,<7.0a0
  license: GPL-3.0-only
  license_family: GPL
  size: 313930
  timestamp: 1765813902568
- conda: https://conda.anaconda.org/conda-forge/osx-arm64/tk-8.6.13-h010d191_3.conda
  sha256: 799cab4b6cde62f91f750149995d149bc9db525ec12595e8a1d91b9317f038b3
  md5: a9d86bc62f39b94c4661716624eb21b0
  depends:
  - __osx >=11.0
  - libzlib >=1.3.1,<2.0a0
  license: TCL
  license_family: BSD
  size: 3127137
  timestamp: 1769460817696
- conda: https://conda.anaconda.org/conda-forge/osx-arm64/zstd-1.5.7-hbf9d68e_6.conda
  sha256: 9485ba49e8f47d2b597dd399e88f4802e100851b27c21d7525625b0b4025a5d9
  md5: ab136e4c34e97f34fb621d2592a393d8
  depends:
  - __osx >=11.0
  - libzlib >=1.3.1,<2.0a0
  license: BSD-3-Clause
  license_family: BSD
  size: 433413
  timestamp: 1764777166076
